// !$*UTF8*$!
{
	archiveVersion = 1;
	classes = {
	};
	objectVersion = 46;
	objects = {

/* Begin PBXBuildFile section */
		BE3416C51CD4167C00BE2B5F /* test1.cpp in Sources */ = {isa = PBXBuildFile; fileRef = BE3416C41CD4167C00BE2B5F /* test1.cpp */; };
		BE9B1A881CD41BB700CA12DA /* test2.cpp in Sources */ = {isa = PBXBuildFile; fileRef = BE9B1A871CD41BB700CA12DA /* test2.cpp */; };
/* End PBXBuildFile section */

/* Begin PBXCopyFilesBuildPhase section */
		BE3416AB1CD15FB900BE2B5F /* CopyFiles */ = {
			isa = PBXCopyFilesBuildPhase;
			buildActionMask = 2147483647;
			dstPath = /usr/share/man/man1/;
			dstSubfolderSpec = 0;
			files = (
			);
			runOnlyForDeploymentPostprocessing = 1;
		};
		BE3416BB1CD4166100BE2B5F /* CopyFiles */ = {
			isa = PBXCopyFilesBuildPhase;
			buildActionMask = 2147483647;
			dstPath = /usr/share/man/man1/;
			dstSubfolderSpec = 0;
			files = (
			);
			runOnlyForDeploymentPostprocessing = 1;
		};
/* End PBXCopyFilesBuildPhase section */

/* Begin PBXFileReference section */
		BE3416AD1CD15FB900BE2B5F /* C++MultithreadingPractice */ = {isa = PBXFileReference; explicitFileType = "compiled.mach-o.executable"; includeInIndex = 0; path = "C++MultithreadingPractice"; sourceTree = BUILT_PRODUCTS_DIR; };
		BE3416BD1CD4166100BE2B5F /* MultithreadingTesting */ = {isa = PBXFileReference; explicitFileType = "compiled.mach-o.executable"; includeInIndex = 0; path = MultithreadingTesting; sourceTree = BUILT_PRODUCTS_DIR; };
		BE3416C41CD4167C00BE2B5F /* test1.cpp */ = {isa = PBXFileReference; fileEncoding = 4; lastKnownFileType = sourcecode.cpp.cpp; path = test1.cpp; sourceTree = "<group>"; };
		BE9B1A871CD41BB700CA12DA /* test2.cpp */ = {isa = PBXFileReference; fileEncoding = 4; lastKnownFileType = sourcecode.cpp.cpp; name = test2.cpp; path = "C++MultithreadedMergesort/test2.cpp"; sourceTree = SOURCE_ROOT; };
/* End PBXFileReference section */

/* Begin PBXFrameworksBuildPhase section */
		BE3416AA1CD15FB900BE2B5F /* Frameworks */ = {
			isa = PBXFrameworksBuildPhase;
			buildActionMask = 2147483647;
			files = (
			);
			runOnlyForDeploymentPostprocessing = 0;
		};
		BE3416BA1CD4166100BE2B5F /* Frameworks */ = {
			isa = PBXFrameworksBuildPhase;
			buildActionMask = 2147483647;
			files = (
			);
			runOnlyForDeploymentPostprocessing = 0;
		};
/* End PBXFrameworksBuildPhase section */

/* Begin PBXGroup section */
		BE3416A41CD15FB900BE2B5F = {
			isa = PBXGroup;
			children = (
				BE3416AF1CD15FB900BE2B5F /* C++MultithreadedMergesort */,
				BE3416BE1CD4166100BE2B5F /* MultithreadingTesting */,
				BE3416AE1CD15FB900BE2B5F /* Products */,
			);
			sourceTree = "<group>";
		};
		BE3416AE1CD15FB900BE2B5F /* Products */ = {
			isa = PBXGroup;
			children = (
				BE3416AD1CD15FB900BE2B5F /* C++MultithreadingPractice */,
				BE3416BD1CD4166100BE2B5F /* MultithreadingTesting */,
			);
			name = Products;
			sourceTree = "<group>";
		};
		BE3416AF1CD15FB900BE2B5F /* C++MultithreadedMergesort */ = {
			isa = PBXGroup;
			children = (
				BE9B1A871CD41BB700CA12DA /* test2.cpp */,
			);
			name = "C++MultithreadedMergesort";
			path = "C++test";
			sourceTree = "<group>";
		};
		BE3416BE1CD4166100BE2B5F /* MultithreadingTesting */ = {
			isa = PBXGroup;
			children = (
				BE3416C41CD4167C00BE2B5F /* test1.cpp */,
			);
			path = MultithreadingTesting;
			sourceTree = "<group>";
		};
/* End PBXGroup section */

/* Begin PBXNativeTarget section */
		BE3416AC1CD15FB900BE2B5F /* C++MultithreadingPractice */ = {
			isa = PBXNativeTarget;
			buildConfigurationList = BE3416B41CD15FB900BE2B5F /* Build configuration list for PBXNativeTarget "C++MultithreadingPractice" */;
			buildPhases = (
				BE3416A91CD15FB900BE2B5F /* Sources */,
				BE3416AA1CD15FB900BE2B5F /* Frameworks */,
				BE3416AB1CD15FB900BE2B5F /* CopyFiles */,
			);
			buildRules = (
			);
			dependencies = (
			);
			name = "C++MultithreadingPractice";
			productName = "C++test";
			productReference = BE3416AD1CD15FB900BE2B5F /* C++MultithreadingPractice */;
			productType = "com.apple.product-type.tool";
		};
		BE3416BC1CD4166100BE2B5F /* MultithreadingTesting */ = {
			isa = PBXNativeTarget;
			buildConfigurationList = BE3416C11CD4166100BE2B5F /* Build configuration list for PBXNativeTarget "MultithreadingTesting" */;
			buildPhases = (
				BE3416B91CD4166100BE2B5F /* Sources */,
				BE3416BA1CD4166100BE2B5F /* Frameworks */,
				BE3416BB1CD4166100BE2B5F /* CopyFiles */,
			);
			buildRules = (
			);
			dependencies = (
			);
			name = MultithreadingTesting;
			productName = MultithreadingTesting;
			productReference = BE3416BD1CD4166100BE2B5F /* MultithreadingTesting */;
			productType = "com.apple.product-type.tool";
		};
/* End PBXNativeTarget section */

/* Begin PBXProject section */
		BE3416A51CD15FB900BE2B5F /* Project object */ = {
			isa = PBXProject;
			attributes = {
				LastUpgradeCheck = 0730;
				ORGANIZATIONNAME = "William Edward Gillespie";
				TargetAttributes = {
					BE3416AC1CD15FB900BE2B5F = {
						CreatedOnToolsVersion = 7.3;
					};
					BE3416BC1CD4166100BE2B5F = {
						CreatedOnToolsVersion = 7.3;
					};
				};
			};
			buildConfigurationList = BE3416A81CD15FB900BE2B5F /* Build configuration list for PBXProject "C++MultithreadingPractice" */;
			compatibilityVersion = "Xcode 3.2";
			developmentRegion = English;
			hasScannedForEncodings = 0;
			knownRegions = (
				en,
			);
			mainGroup = BE3416A41CD15FB900BE2B5F;
			productRefGroup = BE3416AE1CD15FB900BE2B5F /* Products */;
			projectDirPath = "";
			projectRoot = "";
			targets = (
				BE3416AC1CD15FB900BE2B5F /* C++MultithreadingPractice */,
				BE3416BC1CD4166100BE2B5F /* MultithreadingTesting */,
			);
		};
/* End PBXProject section */

/* Begin PBXSourcesBuildPhase section */
		BE3416A91CD15FB900BE2B5F /* Sources */ = {
			isa = PBXSourcesBuildPhase;
			buildActionMask = 2147483647;
			files = (
				BE9B1A881CD41BB700CA12DA /* test2.cpp in Sources */,
			);
			runOnlyForDeploymentPostprocessing = 0;
		};
		BE3416B91CD4166100BE2B5F /* Sources */ = {
			isa = PBXSourcesBuildPhase;
			buildActionMask = 2147483647;
			files = (
				BE3416C51CD4167C00BE2B5F /* test1.cpp in Sources */,
			);
			runOnlyForDeploymentPostprocessing = 0;
		};
/* End PBXSourcesBuildPhase section */

/* Begin XCBuildConfiguration section */
		BE3416B21CD15FB900BE2B5F /* Debug */ = {
			isa = XCBuildConfiguration;
			buildSettings = {
				ALWAYS_SEARCH_USER_PATHS = NO;
				CLANG_ANALYZER_NONNULL = YES;
				CLANG_CXX_LANGUAGE_STANDARD = "gnu++0x";
				CLANG_CXX_LIBRARY = "libc++";
				CLANG_ENABLE_MODULES = YES;
				CLANG_ENABLE_OBJC_ARC = YES;
				CLANG_WARN_BOOL_CONVERSION = YES;
				CLANG_WARN_CONSTANT_CONVERSION = YES;
				CLANG_WARN_DIRECT_OBJC_ISA_USAGE = YES_ERROR;
				CLANG_WARN_EMPTY_BODY = YES;
				CLANG_WARN_ENUM_CONVERSION = YES;
				CLANG_WARN_INT_CONVERSION = YES;
				CLANG_WARN_OBJC_ROOT_CLASS = YES_ERROR;
				CLANG_WARN_UNREACHABLE_CODE = YES;
				CLANG_WARN__DUPLICATE_METHOD_MATCH = YES;
				CODE_SIGN_IDENTITY = "-";
				COPY_PHASE_STRIP = NO;
				DEBUG_INFORMATION_FORMAT = dwarf;
				ENABLE_STRICT_OBJC_MSGSEND = YES;
				ENABLE_TESTABILITY = YES;
				GCC_C_LANGUAGE_STANDARD = gnu99;
				GCC_DYNAMIC_NO_PIC = NO;
				GCC_NO_COMMON_BLOCKS = YES;
				GCC_OPTIMIZATION_LEVEL = 0;
				GCC_PREPROCESSOR_DEFINITIONS = (
					"DEBUG=1",
					"$(inherited)",
				);
				GCC_WARN_64_TO_32_BIT_CONVERSION = YES;
				GCC_WARN_ABOUT_RETURN_TYPE = YES_ERROR;
				GCC_WARN_UNDECLARED_SELECTOR = YES;
				GCC_WARN_UNINITIALIZED_AUTOS = YES_AGGRESSIVE;
				GCC_WARN_UNUSED_FUNCTION = YES;
				GCC_WARN_UNUSED_VARIABLE = YES;
				MACOSX_DEPLOYMENT_TARGET = 10.11;
				MTL_ENABLE_DEBUG_INFO = YES;
				ONLY_ACTIVE_ARCH = YES;
				SDKROOT = macosx;
			};
			name = Debug;
		};
		BE3416B31CD15FB900BE2B5F /* Release */ = {
			isa = XCBuildConfiguration;
			buildSettings = {
				ALWAYS_SEARCH_USER_PATHS = NO;
				CLANG_ANALYZER_NONNULL = YES;
				CLANG_CXX_LANGUAGE_STANDARD = "gnu++0x";
				CLANG_CXX_LIBRARY = "libc++";
				CLANG_ENABLE_MODULES = YES;
				CLANG_ENABLE_OBJC_ARC = YES;
				CLANG_WARN_BOOL_CONVERSION = YES;
				CLANG_WARN_CONSTANT_CONVERSION = YES;
				CLANG_WARN_DIRECT_OBJC_ISA_USAGE = YES_ERROR;
				CLANG_WARN_EMPTY_BODY = YES;
				CLANG_WARN_ENUM_CONVERSION = YES;
				CLANG_WARN_INT_CONVERSION = YES;
				CLANG_WARN_OBJC_ROOT_CLASS = YES_ERROR;
				CLANG_WARN_UNREACHABLE_CODE = YES;
				CLANG_WARN__DUPLICATE_METHOD_MATCH = YES;
				CODE_SIGN_IDENTITY = "-";
				COPY_PHASE_STRIP = NO;
				DEBUG_INFORMATION_FORMAT = "dwarf-with-dsym";
				ENABLE_NS_ASSERTIONS = NO;
				ENABLE_STRICT_OBJC_MSGSEND = YES;
				GCC_C_LANGUAGE_STANDARD = gnu99;
				GCC_NO_COMMON_BLOCKS = YES;
				GCC_WARN_64_TO_32_BIT_CONVERSION = YES;
				GCC_WARN_ABOUT_RETURN_TYPE = YES_ERROR;
				GCC_WARN_UNDECLARED_SELECTOR = YES;
				GCC_WARN_UNINITIALIZED_AUTOS = YES_AGGRESSIVE;
				GCC_WARN_UNUSED_FUNCTION = YES;
				GCC_WARN_UNUSED_VARIABLE = YES;
				MACOSX_DEPLOYMENT_TARGET = 10.11;
				MTL_ENABLE_DEBUG_INFO = NO;
				SDKROOT = macosx;
			};
			name = Release;
		};
		BE3416B51CD15FB900BE2B5F /* Debug */ = {
			isa = XCBuildConfiguration;
			buildSettings = {
				PRODUCT_NAME = "C++MultithreadingPractice";
			};
			name = Debug;
		};
		BE3416B61CD15FB900BE2B5F /* Release */ = {
			isa = XCBuildConfiguration;
			buildSettings = {
				PRODUCT_NAME = "C++MultithreadingPractice";
			};
			name = Release;
		};
		BE3416C21CD4166100BE2B5F /* Debug */ = {
			isa = XCBuildConfiguration;
			buildSettings = {
				PRODUCT_NAME = "$(TARGET_NAME)";
			};
			name = Debug;
		};
		BE3416C31CD4166100BE2B5F /* Release */ = {
			isa = XCBuildConfiguration;
			buildSettings = {
				PRODUCT_NAME = "$(TARGET_NAME)";
			};
			name = Release;
		};
/* End XCBuildConfiguration section */

/* Begin XCConfigurationList section */
		BE3416A81CD15FB900BE2B5F /* Build configuration list for PBXProject "C++MultithreadingPractice" */ = {
			isa = XCConfigurationList;
			buildConfigurations = (
				BE3416B21CD15FB900BE2B5F /* Debug */,
				BE3416B31CD15FB900BE2B5F /* Release */,
			);
			defaultConfigurationIsVisible = 0;
			defaultConfigurationName = Release;
		};
		BE3416B41CD15FB900BE2B5F /* Build configuration list for PBXNativeTarget "C++MultithreadingPractice" */ = {
			isa = XCConfigurationList;
			buildConfigurations = (
				BE3416B51CD15FB900BE2B5F /* Debug */,
				BE3416B61CD15FB900BE2B5F /* Release */,
			);
			defaultConfigurationIsVisible = 0;
			defaultConfigurationName = Release;
		};
		BE3416C11CD4166100BE2B5F /* Build configuration list for PBXNativeTarget "MultithreadingTesting" */ = {
			isa = XCConfigurationList;
			buildConfigurations = (
				BE3416C21CD4166100BE2B5F /* Debug */,
				BE3416C31CD4166100BE2B5F /* Release */,
			);
			defaultConfigurationIsVisible = 0;
			defaultConfigurationName = Release;
		};
/* End XCConfigurationList section */
	};
	rootObject = BE3416A51CD15FB900BE2B5F /* Project object */;
}
